
Microsoft Visual Studio Solution File, Format Version 12.00
Project("{FAE04EC0-301F-11D3-BF4B-00C04F79EFBC}") = "OrderlyQueue", "OrderlyQueue\OrderlyQueue.csproj", "{95D02E6B-1FA4-4700-84A5-9C8F5EA26AE4}"
EndProject
Global
	GlobalSection(SolutionConfigurationPlatforms) = preSolution
		Debug|Any CPU = Debug|Any CPU
		Release|Any CPU = Release|Any CPU
	EndGlobalSection
	GlobalSection(ProjectConfigurationPlatforms) = postSolution
		{95D02E6B-1FA4-4700-84A5-9C8F5EA26AE4}.Debug|Any CPU.ActiveCfg = Debug|Any CPU
		{95D02E6B-1FA4-4700-84A5-9C8F5EA26AE4}.Debug|Any CPU.Build.0 = Debug|Any CPU
		{95D02E6B-1FA4-4700-84A5-9C8F5EA26AE4}.Release|Any CPU.ActiveCfg = Release|Any CPU
		{95D02E6B-1FA4-4700-84A5-9C8F5EA26AE4}.Release|Any CPU.Build.0 = Release|Any CPU
	EndGlobalSection
EndGlobal
